// !$*UTF8*$!
{
	archiveVersion = 1;
	classes = {
	};
	objectVersion = 46;
	objects = {

/* Begin PBXBuildFile section */
		D164AD421E77C0A80034E6C9 /* MainViewController.m in Sources */ = {isa = PBXBuildFile; fileRef = D164AD411E77C0A80034E6C9 /* MainViewController.m */; };
		D1703C821E767752009386B0 /* index.html in Resources */ = {isa = PBXBuildFile; fileRef = D1703C811E767752009386B0 /* index.html */; };
		D1AA0D381E6FD279000DE13F /* main.m in Sources */ = {isa = PBXBuildFile; fileRef = D1AA0D371E6FD279000DE13F /* main.m */; };
		D1AA0D3B1E6FD279000DE13F /* AppDelegate.m in Sources */ = {isa = PBXBuildFile; fileRef = D1AA0D3A1E6FD279000DE13F /* AppDelegate.m */; };
		D1AA0D411E6FD279000DE13F /* Main.storyboard in Resources */ = {isa = PBXBuildFile; fileRef = D1AA0D3F1E6FD279000DE13F /* Main.storyboard */; };
		D1AA0D431E6FD279000DE13F /* Assets.xcassets in Resources */ = {isa = PBXBuildFile; fileRef = D1AA0D421E6FD279000DE13F /* Assets.xcassets */; };
		D1AA0D461E6FD279000DE13F /* LaunchScreen.storyboard in Resources */ = {isa = PBXBuildFile; fileRef = D1AA0D441E6FD279000DE13F /* LaunchScreen.storyboard */; };
		D1F98D771E77C4B200E9E634 /* WebViewController.m in Sources */ = {isa = PBXBuildFile; fileRef = D1F98D761E77C4B200E9E634 /* WebViewController.m */; };
/* End PBXBuildFile section */

/* Begin PBXFileReference section */
		D164AD401E77C0A80034E6C9 /* MainViewController.h */ = {isa = PBXFileReference; fileEncoding = 4; lastKnownFileType = sourcecode.c.h; path = MainViewController.h; sourceTree = "<group>"; };
		D164AD411E77C0A80034E6C9 /* MainViewController.m */ = {isa = PBXFileReference; fileEncoding = 4; lastKnownFileType = sourcecode.c.objc; path = MainViewController.m; sourceTree = "<group>"; };
		D1703C811E767752009386B0 /* index.html */ = {isa = PBXFileReference; fileEncoding = 4; lastKnownFileType = text.html; path = index.html; sourceTree = "<group>"; };
		D1AA0D331E6FD279000DE13F /* test.app */ = {isa = PBXFileReference; explicitFileType = wrapper.application; includeInIndex = 0; path = test.app; sourceTree = BUILT_PRODUCTS_DIR; };
		D1AA0D371E6FD279000DE13F /* main.m */ = {isa = PBXFileReference; lastKnownFileType = sourcecode.c.objc; path = main.m; sourceTree = "<group>"; };
		D1AA0D391E6FD279000DE13F /* AppDelegate.h */ = {isa = PBXFileReference; lastKnownFileType = sourcecode.c.h; path = AppDelegate.h; sourceTree = "<group>"; };
		D1AA0D3A1E6FD279000DE13F /* AppDelegate.m */ = {isa = PBXFileReference; lastKnownFileType = sourcecode.c.objc; path = AppDelegate.m; sourceTree = "<group>"; };
		D1AA0D401E6FD279000DE13F /* Base */ = {isa = PBXFileReference; lastKnownFileType = file.storyboard; name = Base; path = Base.lproj/Main.storyboard; sourceTree = "<group>"; };
		D1AA0D421E6FD279000DE13F /* Assets.xcassets */ = {isa = PBXFileReference; lastKnownFileType = folder.assetcatalog; path = Assets.xcassets; sourceTree = "<group>"; };
		D1AA0D451E6FD279000DE13F /* Base */ = {isa = PBXFileReference; lastKnownFileType = file.storyboard; name = Base; path = Base.lproj/LaunchScreen.storyboard; sourceTree = "<group>"; };
		D1AA0D471E6FD279000DE13F /* Info.plist */ = {isa = PBXFileReference; lastKnownFileType = text.plist.xml; path = Info.plist; sourceTree = "<group>"; };
		D1F98D751E77C4B200E9E634 /* WebViewController.h */ = {isa = PBXFileReference; fileEncoding = 4; lastKnownFileType = sourcecode.c.h; path = WebViewController.h; sourceTree = "<group>"; };
		D1F98D761E77C4B200E9E634 /* WebViewController.m */ = {isa = PBXFileReference; fileEncoding = 4; lastKnownFileType = sourcecode.c.objc; path = WebViewController.m; sourceTree = "<group>"; };
/* End PBXFileReference section */

/* Begin PBXFrameworksBuildPhase section */
		D1AA0D301E6FD279000DE13F /* Frameworks */ = {
			isa = PBXFrameworksBuildPhase;
			buildActionMask = 2147483647;
			files = (
			);
			runOnlyForDeploymentPostprocessing = 0;
		};
/* End PBXFrameworksBuildPhase section */

/* Begin PBXGroup section */
		D1AA0D2A1E6FD279000DE13F = {
			isa = PBXGroup;
			children = (
				D1AA0D351E6FD279000DE13F /* test */,
				D1AA0D341E6FD279000DE13F /* Products */,
			);
			sourceTree = "<group>";
		};
		D1AA0D341E6FD279000DE13F /* Products */ = {
			isa = PBXGroup;
			children = (
				D1AA0D331E6FD279000DE13F /* test.app */,
			);
			name = Products;
			sourceTree = "<group>";
		};
		D1AA0D351E6FD279000DE13F /* test */ = {
			isa = PBXGroup;
			children = (
				D1AA0D391E6FD279000DE13F /* AppDelegate.h */,
				D1AA0D3A1E6FD279000DE13F /* AppDelegate.m */,
				D164AD401E77C0A80034E6C9 /* MainViewController.h */,
				D164AD411E77C0A80034E6C9 /* MainViewController.m */,
				D1F98D751E77C4B200E9E634 /* WebViewController.h */,
				D1F98D761E77C4B200E9E634 /* WebViewController.m */,
				D1AA0D3F1E6FD279000DE13F /* Main.storyboard */,
				D1703C811E767752009386B0 /* index.html */,
				D1AA0D421E6FD279000DE13F /* Assets.xcassets */,
				D1AA0D441E6FD279000DE13F /* LaunchScreen.storyboard */,
				D1AA0D471E6FD279000DE13F /* Info.plist */,
				D1AA0D361E6FD279000DE13F /* Supporting Files */,
			);
			path = test;
			sourceTree = "<group>";
		};
		D1AA0D361E6FD279000DE13F /* Supporting Files */ = {
			isa = PBXGroup;
			children = (
				D1AA0D371E6FD279000DE13F /* main.m */,
			);
			name = "Supporting Files";
			sourceTree = "<group>";
		};
/* End PBXGroup section */

/* Begin PBXNativeTarget section */
		D1AA0D321E6FD279000DE13F /* test */ = {
			isa = PBXNativeTarget;
			buildConfigurationList = D1AA0D4A1E6FD279000DE13F /* Build configuration list for PBXNativeTarget "test" */;
			buildPhases = (
				D1AA0D2F1E6FD279000DE13F /* Sources */,
				D1AA0D301E6FD279000DE13F /* Frameworks */,
				D1AA0D311E6FD279000DE13F /* Resources */,
			);
			buildRules = (
			);
			dependencies = (
			);
			name = test;
			productName = test;
			productReference = D1AA0D331E6FD279000DE13F /* test.app */;
			productType = "com.apple.product-type.application";
		};
/* End PBXNativeTarget section */

/* Begin PBXProject section */
		D1AA0D2B1E6FD279000DE13F /* Project object */ = {
			isa = PBXProject;
			attributes = {
				LastUpgradeCheck = 0820;
				ORGANIZATIONNAME = weiguang;
				TargetAttributes = {
					D1AA0D321E6FD279000DE13F = {
						CreatedOnToolsVersion = 8.2.1;
						ProvisioningStyle = Automatic;
					};
				};
			};
			buildConfigurationList = D1AA0D2E1E6FD279000DE13F /* Build configuration list for PBXProject "test" */;
			compatibilityVersion = "Xcode 3.2";
			developmentRegion = English;
			hasScannedForEncodings = 0;
			knownRegions = (
				en,
				Base,
			);
			mainGroup = D1AA0D2A1E6FD279000DE13F;
			productRefGroup = D1AA0D341E6FD279000DE13F /* Products */;
			projectDirPath = "";
			projectRoot = "";
			targets = (
				D1AA0D321E6FD279000DE13F /* test */,
			);
		};
/* End PBXProject section */

/* Begin PBXResourcesBuildPhase section */
		D1AA0D311E6FD279000DE13F /* Resources */ = {
			isa = PBXResourcesBuildPhase;
			buildActionMask = 2147483647;
			files = (
				D1AA0D461E6FD279000DE13F /* LaunchScreen.storyboard in Resources */,
				D1703C821E767752009386B0 /* index.html in Resources */,
				D1AA0D431E6FD279000DE13F /* Assets.xcassets in Resources */,
				D1AA0D411E6FD279000DE13F /* Main.storyboard in Resources */,
			);
			runOnlyForDeploymentPostprocessing = 0;
		};
/* End PBXResourcesBuildPhase section */

/* Begin PBXSourcesBuildPhase section */
		D1AA0D2F1E6FD279000DE13F /* Sources */ = {
			isa = PBXSourcesBuildPhase;
			buildActionMask = 2147483647;
			files = (
				D1F98D771E77C4B200E9E634 /* WebViewController.m in Sources */,
				D1AA0D3B1E6FD279000DE13F /* AppDelegate.m in Sources */,
				D1AA0D381E6FD279000DE13F /* main.m in Sources */,
				D164AD421E77C0A80034E6C9 /* MainViewController.m in Sources */,
			);
			runOnlyForDeploymentPostprocessing = 0;
		};
/* End PBXSourcesBuildPhase section */

/* Begin PBXVariantGroup section */
		D1AA0D3F1E6FD279000DE13F /* Main.storyboard */ = {
			isa = PBXVariantGroup;
			children = (
				D1AA0D401E6FD279000DE13F /* Base */,
			);
			name = Main.storyboard;
			sourceTree = "<group>";
		};
		D1AA0D441E6FD279000DE13F /* LaunchScreen.storyboard */ = {
			isa = PBXVariantGroup;
			children = (
				D1AA0D451E6FD279000DE13F /* Base */,
			);
			name = LaunchScreen.storyboard;
			sourceTree = "<group>";
		};
/* End PBXVariantGroup section */

/* Begin XCBuildConfiguration section */
		D1AA0D481E6FD279000DE13F /* Debug */ = {
			isa = XCBuildConfiguration;
			buildSettings = {
				ALWAYS_SEARCH_USER_PATHS = NO;
				CLANG_ANALYZER_NONNULL = YES;
				CLANG_CXX_LANGUAGE_STANDARD = "gnu++0x";
				CLANG_CXX_LIBRARY = "libc++";
				CLANG_ENABLE_MODULES = YES;
				CLANG_ENABLE_OBJC_ARC = YES;
				CLANG_WARN_BOOL_CONVERSION = YES;
				CLANG_WARN_CONSTANT_CONVERSION = YES;
				CLANG_WARN_DIRECT_OBJC_ISA_USAGE = YES_ERROR;
				CLANG_WARN_DOCUMENTATION_COMMENTS = YES;
				CLANG_WARN_EMPTY_BODY = YES;
				CLANG_WARN_ENUM_CONVERSION = YES;
				CLANG_WARN_INFINITE_RECURSION = YES;
				CLANG_WARN_INT_CONVERSION = YES;
				CLANG_WARN_OBJC_ROOT_CLASS = YES_ERROR;
				CLANG_WARN_SUSPICIOUS_MOVE = YES;
				CLANG_WARN_UNREACHABLE_CODE = YES;
				CLANG_WARN__DUPLICATE_METHOD_MATCH = YES;
				"CODE_SIGN_IDENTITY[sdk=iphoneos*]" = "iPhone Developer";
				COPY_PHASE_STRIP = NO;
				DEBUG_INFORMATION_FORMAT = dwarf;
				ENABLE_STRICT_OBJC_MSGSEND = YES;
				ENABLE_TESTABILITY = YES;
				GCC_C_LANGUAGE_STANDARD = gnu99;
				GCC_DYNAMIC_NO_PIC = NO;
				GCC_NO_COMMON_BLOCKS = YES;
				GCC_OPTIMIZATION_LEVEL = 0;
				GCC_PREPROCESSOR_DEFINITIONS = (
					"DEBUG=1",
					"$(inherited)",
				);
				GCC_WARN_64_TO_32_BIT_CONVERSION = YES;
				GCC_WARN_ABOUT_RETURN_TYPE = YES_ERROR;
				GCC_WARN_UNDECLARED_SELECTOR = YES;
				GCC_WARN_UNINITIALIZED_AUTOS = YES_AGGRESSIVE;
				GCC_WARN_UNUSED_FUNCTION = YES;
				GCC_WARN_UNUSED_VARIABLE = YES;
				IPHONEOS_DEPLOYMENT_TARGET = 10.2;
				MTL_ENABLE_DEBUG_INFO = YES;
				ONLY_ACTIVE_ARCH = YES;
				SDKROOT = iphoneos;
			};
			name = Debug;
		};
		D1AA0D491E6FD279000DE13F /* Release */ = {
			isa = XCBuildConfiguration;
			buildSettings = {
				ALWAYS_SEARCH_USER_PATHS = NO;
				CLANG_ANALYZER_NONNULL = YES;
				CLANG_CXX_LANGUAGE_STANDARD = "gnu++0x";
				CLANG_CXX_LIBRARY = "libc++";
				CLANG_ENABLE_MODULES = YES;
				CLANG_ENABLE_OBJC_ARC = YES;
				CLANG_WARN_BOOL_CONVERSION = YES;
				CLANG_WARN_CONSTANT_CONVERSION = YES;
				CLANG_WARN_DIRECT_OBJC_ISA_USAGE = YES_ERROR;
				CLANG_WARN_DOCUMENTATION_COMMENTS = YES;
				CLANG_WARN_EMPTY_BODY = YES;
				CLANG_WARN_ENUM_CONVERSION = YES;
				CLANG_WARN_INFINITE_RECURSION = YES;
				CLANG_WARN_INT_CONVERSION = YES;
				CLANG_WARN_OBJC_ROOT_CLASS = YES_ERROR;
				CLANG_WARN_SUSPICIOUS_MOVE = YES;
				CLANG_WARN_UNREACHABLE_CODE = YES;
				CLANG_WARN__DUPLICATE_METHOD_MATCH = YES;
				"CODE_SIGN_IDENTITY[sdk=iphoneos*]" = "iPhone Developer";
				COPY_PHASE_STRIP = NO;
				DEBUG_INFORMATION_FORMAT = "dwarf-with-dsym";
				ENABLE_NS_ASSERTIONS = NO;
				ENABLE_STRICT_OBJC_MSGSEND = YES;
				GCC_C_LANGUAGE_STANDARD = gnu99;
				GCC_NO_COMMON_BLOCKS = YES;
				GCC_WARN_64_TO_32_BIT_CONVERSION = YES;
				GCC_WARN_ABOUT_RETURN_TYPE = YES_ERROR;
				GCC_WARN_UNDECLARED_SELECTOR = YES;
				GCC_WARN_UNINITIALIZED_AUTOS = YES_AGGRESSIVE;
				GCC_WARN_UNUSED_FUNCTION = YES;
				GCC_WARN_UNUSED_VARIABLE = YES;
				IPHONEOS_DEPLOYMENT_TARGET = 10.2;
				MTL_ENABLE_DEBUG_INFO = NO;
				SDKROOT = iphoneos;
				VALIDATE_PRODUCT = YES;
			};
			name = Release;
		};
		D1AA0D4B1E6FD279000DE13F /* Debug */ = {
			isa = XCBuildConfiguration;
			buildSettings = {
				ASSETCATALOG_COMPILER_APPICON_NAME = AppIcon;
				INFOPLIST_FILE = test/Info.plist;
				IPHONEOS_DEPLOYMENT_TARGET = 8.0;
				LD_RUNPATH_SEARCH_PATHS = "$(inherited) @executable_path/Frameworks";
				PRODUCT_BUNDLE_IDENTIFIER = changhong.test;
				PRODUCT_NAME = "$(TARGET_NAME)";
			};
			name = Debug;
		};
		D1AA0D4C1E6FD279000DE13F /* Release */ = {
			isa = XCBuildConfiguration;
			buildSettings = {
				ASSETCATALOG_COMPILER_APPICON_NAME = AppIcon;
				INFOPLIST_FILE = test/Info.plist;
				IPHONEOS_DEPLOYMENT_TARGET = 8.0;
				LD_RUNPATH_SEARCH_PATHS = "$(inherited) @executable_path/Frameworks";
				PRODUCT_BUNDLE_IDENTIFIER = changhong.test;
				PRODUCT_NAME = "$(TARGET_NAME)";
			};
			name = Release;
		};
/* End XCBuildConfiguration section */

/* Begin XCConfigurationList section */
		D1AA0D2E1E6FD279000DE13F /* Build configuration list for PBXProject "test" */ = {
			isa = XCConfigurationList;
			buildConfigurations = (
				D1AA0D481E6FD279000DE13F /* Debug */,
				D1AA0D491E6FD279000DE13F /* Release */,
			);
			defaultConfigurationIsVisible = 0;
			defaultConfigurationName = Release;
		};
		D1AA0D4A1E6FD279000DE13F /* Build configuration list for PBXNativeTarget "test" */ = {
			isa = XCConfigurationList;
			buildConfigurations = (
				D1AA0D4B1E6FD279000DE13F /* Debug */,
				D1AA0D4C1E6FD279000DE13F /* Release */,
			);
			defaultConfigurationIsVisible = 0;
			defaultConfigurationName = Release;
		};
/* End XCConfigurationList section */
	};
	rootObject = D1AA0D2B1E6FD279000DE13F /* Project object */;
}
